// !$*UTF8*$!
{
	archiveVersion = 1;
	classes = {
	};
	objectVersion = 56;
	objects = {

/* Begin PBXBuildFile section */
		445B491D2A1E1E1900D76C02 /* BirthdayReminderApp.swift in Sources */ = {isa = PBXBuildFile; fileRef = 445B491C2A1E1E1900D76C02 /* BirthdayReminderApp.swift */; };
		445B491F2A1E1E1900D76C02 /* PersonListView.swift in Sources */ = {isa = PBXBuildFile; fileRef = 445B491E2A1E1E1900D76C02 /* PersonListView.swift */; };
		445B49212A1E1E1D00D76C02 /* Assets.xcassets in Resources */ = {isa = PBXBuildFile; fileRef = 445B49202A1E1E1D00D76C02 /* Assets.xcassets */; };
		445B49242A1E1E1D00D76C02 /* Preview Assets.xcassets in Resources */ = {isa = PBXBuildFile; fileRef = 445B49232A1E1E1D00D76C02 /* Preview Assets.xcassets */; };
		445B492B2A1E1EA100D76C02 /* Person.swift in Sources */ = {isa = PBXBuildFile; fileRef = 445B492A2A1E1EA100D76C02 /* Person.swift */; };
		445B49302A1E1F9800D76C02 /* PersonList.swift in Sources */ = {isa = PBXBuildFile; fileRef = 445B492F2A1E1F9700D76C02 /* PersonList.swift */; };
		44773A8C2A1E239800FB302C /* AddPersonSheet.swift in Sources */ = {isa = PBXBuildFile; fileRef = 44773A8B2A1E239800FB302C /* AddPersonSheet.swift */; };
/* End PBXBuildFile section */

/* Begin PBXFileReference section */
		445B49192A1E1E1900D76C02 /* BirthdayReminder.app */ = {isa = PBXFileReference; explicitFileType = wrapper.application; includeInIndex = 0; path = BirthdayReminder.app; sourceTree = BUILT_PRODUCTS_DIR; };
		445B491C2A1E1E1900D76C02 /* BirthdayReminderApp.swift */ = {isa = PBXFileReference; lastKnownFileType = sourcecode.swift; path = BirthdayReminderApp.swift; sourceTree = "<group>"; };
		445B491E2A1E1E1900D76C02 /* PersonListView.swift */ = {isa = PBXFileReference; lastKnownFileType = sourcecode.swift; path = PersonListView.swift; sourceTree = "<group>"; };
		445B49202A1E1E1D00D76C02 /* Assets.xcassets */ = {isa = PBXFileReference; lastKnownFileType = folder.assetcatalog; path = Assets.xcassets; sourceTree = "<group>"; };
		445B49232A1E1E1D00D76C02 /* Preview Assets.xcassets */ = {isa = PBXFileReference; lastKnownFileType = folder.assetcatalog; path = "Preview Assets.xcassets"; sourceTree = "<group>"; };
		445B492A2A1E1EA100D76C02 /* Person.swift */ = {isa = PBXFileReference; lastKnownFileType = sourcecode.swift; path = Person.swift; sourceTree = "<group>"; };
		445B492F2A1E1F9700D76C02 /* PersonList.swift */ = {isa = PBXFileReference; lastKnownFileType = sourcecode.swift; path = PersonList.swift; sourceTree = "<group>"; };
		44773A8B2A1E239800FB302C /* AddPersonSheet.swift */ = {isa = PBXFileReference; lastKnownFileType = sourcecode.swift; path = AddPersonSheet.swift; sourceTree = "<group>"; };
/* End PBXFileReference section */

/* Begin PBXFrameworksBuildPhase section */
		445B49162A1E1E1900D76C02 /* Frameworks */ = {
			isa = PBXFrameworksBuildPhase;
			buildActionMask = 2147483647;
			files = (
			);
			runOnlyForDeploymentPostprocessing = 0;
		};
/* End PBXFrameworksBuildPhase section */

/* Begin PBXGroup section */
		445B49102A1E1E1800D76C02 = {
			isa = PBXGroup;
			children = (
				445B491B2A1E1E1900D76C02 /* BirthdayReminder */,
				445B491A2A1E1E1900D76C02 /* Products */,
			);
			sourceTree = "<group>";
		};
		445B491A2A1E1E1900D76C02 /* Products */ = {
			isa = PBXGroup;
			children = (
				445B49192A1E1E1900D76C02 /* BirthdayReminder.app */,
			);
			name = Products;
			sourceTree = "<group>";
		};
		445B491B2A1E1E1900D76C02 /* BirthdayReminder */ = {
			isa = PBXGroup;
			children = (
				445B491C2A1E1E1900D76C02 /* BirthdayReminderApp.swift */,
				445B492C2A1E1F5100D76C02 /* Model */,
				445B492E2A1E1F6D00D76C02 /* ViewModel */,
				445B492D2A1E1F5E00D76C02 /* Views */,
				445B49202A1E1E1D00D76C02 /* Assets.xcassets */,
				445B49222A1E1E1D00D76C02 /* Preview Content */,
			);
			path = BirthdayReminder;
			sourceTree = "<group>";
		};
		445B49222A1E1E1D00D76C02 /* Preview Content */ = {
			isa = PBXGroup;
			children = (
				445B49232A1E1E1D00D76C02 /* Preview Assets.xcassets */,
			);
			path = "Preview Content";
			sourceTree = "<group>";
		};
		445B492C2A1E1F5100D76C02 /* Model */ = {
			isa = PBXGroup;
			children = (
				445B492A2A1E1EA100D76C02 /* Person.swift */,
			);
			path = Model;
			sourceTree = "<group>";
		};
		445B492D2A1E1F5E00D76C02 /* Views */ = {
			isa = PBXGroup;
			children = (
				445B491E2A1E1E1900D76C02 /* PersonListView.swift */,
				44773A8B2A1E239800FB302C /* AddPersonSheet.swift */,
			);
			path = Views;
			sourceTree = "<group>";
		};
		445B492E2A1E1F6D00D76C02 /* ViewModel */ = {
			isa = PBXGroup;
			children = (
				445B492F2A1E1F9700D76C02 /* PersonList.swift */,
			);
			path = ViewModel;
			sourceTree = "<group>";
		};
/* End PBXGroup section */

/* Begin PBXNativeTarget section */
		445B49182A1E1E1900D76C02 /* BirthdayReminder */ = {
			isa = PBXNativeTarget;
			buildConfigurationList = 445B49272A1E1E1D00D76C02 /* Build configuration list for PBXNativeTarget "BirthdayReminder" */;
			buildPhases = (
				445B49152A1E1E1900D76C02 /* Sources */,
				445B49162A1E1E1900D76C02 /* Frameworks */,
				445B49172A1E1E1900D76C02 /* Resources */,
			);
			buildRules = (
			);
			dependencies = (
			);
			name = BirthdayReminder;
			productName = BirthdayReminder;
			productReference = 445B49192A1E1E1900D76C02 /* BirthdayReminder.app */;
			productType = "com.apple.product-type.application";
		};
/* End PBXNativeTarget section */

/* Begin PBXProject section */
		445B49112A1E1E1800D76C02 /* Project object */ = {
			isa = PBXProject;
			attributes = {
				BuildIndependentTargetsInParallel = 1;
				LastSwiftUpdateCheck = 1420;
				LastUpgradeCheck = 1420;
				TargetAttributes = {
					445B49182A1E1E1900D76C02 = {
						CreatedOnToolsVersion = 14.2;
					};
				};
			};
			buildConfigurationList = 445B49142A1E1E1800D76C02 /* Build configuration list for PBXProject "BirthdayReminder" */;
			compatibilityVersion = "Xcode 14.0";
			developmentRegion = en;
			hasScannedForEncodings = 0;
			knownRegions = (
				en,
				Base,
			);
			mainGroup = 445B49102A1E1E1800D76C02;
			productRefGroup = 445B491A2A1E1E1900D76C02 /* Products */;
			projectDirPath = "";
			projectRoot = "";
			targets = (
				445B49182A1E1E1900D76C02 /* BirthdayReminder */,
			);
		};
/* End PBXProject section */

/* Begin PBXResourcesBuildPhase section */
		445B49172A1E1E1900D76C02 /* Resources */ = {
			isa = PBXResourcesBuildPhase;
			buildActionMask = 2147483647;
			files = (
				445B49242A1E1E1D00D76C02 /* Preview Assets.xcassets in Resources */,
				445B49212A1E1E1D00D76C02 /* Assets.xcassets in Resources */,
			);
			runOnlyForDeploymentPostprocessing = 0;
		};
/* End PBXResourcesBuildPhase section */

/* Begin PBXSourcesBuildPhase section */
		445B49152A1E1E1900D76C02 /* Sources */ = {
			isa = PBXSourcesBuildPhase;
			buildActionMask = 2147483647;
			files = (
				445B492B2A1E1EA100D76C02 /* Person.swift in Sources */,
				445B491F2A1E1E1900D76C02 /* PersonListView.swift in Sources */,
				445B49302A1E1F9800D76C02 /* PersonList.swift in Sources */,
				445B491D2A1E1E1900D76C02 /* BirthdayReminderApp.swift in Sources */,
				44773A8C2A1E239800FB302C /* AddPersonSheet.swift in Sources */,
			);
			runOnlyForDeploymentPostprocessing = 0;
		};
/* End PBXSourcesBuildPhase section */

/* Begin XCBuildConfiguration section */
		445B49252A1E1E1D00D76C02 /* Debug */ = {
			isa = XCBuildConfiguration;
			buildSettings = {
				ALWAYS_SEARCH_USER_PATHS = NO;
				CLANG_ANALYZER_NONNULL = YES;
				CLANG_ANALYZER_NUMBER_OBJECT_CONVERSION = YES_AGGRESSIVE;
				CLANG_CXX_LANGUAGE_STANDARD = "gnu++20";
				CLANG_ENABLE_MODULES = YES;
				CLANG_ENABLE_OBJC_ARC = YES;
				CLANG_ENABLE_OBJC_WEAK = YES;
				CLANG_WARN_BLOCK_CAPTURE_AUTORELEASING = YES;
				CLANG_WARN_BOOL_CONVERSION = YES;
				CLANG_WARN_COMMA = YES;
				CLANG_WARN_CONSTANT_CONVERSION = YES;
				CLANG_WARN_DEPRECATED_OBJC_IMPLEMENTATIONS = YES;
				CLANG_WARN_DIRECT_OBJC_ISA_USAGE = YES_ERROR;
				CLANG_WARN_DOCUMENTATION_COMMENTS = YES;
				CLANG_WARN_EMPTY_BODY = YES;
				CLANG_WARN_ENUM_CONVERSION = YES;
				CLANG_WARN_INFINITE_RECURSION = YES;
				CLANG_WARN_INT_CONVERSION = YES;
				CLANG_WARN_NON_LITERAL_NULL_CONVERSION = YES;
				CLANG_WARN_OBJC_IMPLICIT_RETAIN_SELF = YES;
				CLANG_WARN_OBJC_LITERAL_CONVERSION = YES;
				CLANG_WARN_OBJC_ROOT_CLASS = YES_ERROR;
				CLANG_WARN_QUOTED_INCLUDE_IN_FRAMEWORK_HEADER = YES;
				CLANG_WARN_RANGE_LOOP_ANALYSIS = YES;
				CLANG_WARN_STRICT_PROTOTYPES = YES;
				CLANG_WARN_SUSPICIOUS_MOVE = YES;
				CLANG_WARN_UNGUARDED_AVAILABILITY = YES_AGGRESSIVE;
				CLANG_WARN_UNREACHABLE_CODE = YES;
				CLANG_WARN__DUPLICATE_METHOD_MATCH = YES;
				COPY_PHASE_STRIP = NO;
				DEBUG_INFORMATION_FORMAT = dwarf;
				ENABLE_STRICT_OBJC_MSGSEND = YES;
				ENABLE_TESTABILITY = YES;
				GCC_C_LANGUAGE_STANDARD = gnu11;
				GCC_DYNAMIC_NO_PIC = NO;
				GCC_NO_COMMON_BLOCKS = YES;
				GCC_OPTIMIZATION_LEVEL = 0;
				GCC_PREPROCESSOR_DEFINITIONS = (
					"DEBUG=1",
					"$(inherited)",
				);
				GCC_WARN_64_TO_32_BIT_CONVERSION = YES;
				GCC_WARN_ABOUT_RETURN_TYPE = YES_ERROR;
				GCC_WARN_UNDECLARED_SELECTOR = YES;
				GCC_WARN_UNINITIALIZED_AUTOS = YES_AGGRESSIVE;
				GCC_WARN_UNUSED_FUNCTION = YES;
				GCC_WARN_UNUSED_VARIABLE = YES;
				IPHONEOS_DEPLOYMENT_TARGET = 16.2;
				MTL_ENABLE_DEBUG_INFO = INCLUDE_SOURCE;
				MTL_FAST_MATH = YES;
				ONLY_ACTIVE_ARCH = YES;
				SDKROOT = iphoneos;
				SWIFT_ACTIVE_COMPILATION_CONDITIONS = DEBUG;
				SWIFT_OPTIMIZATION_LEVEL = "-Onone";
			};
			name = Debug;
		};
		445B49262A1E1E1D00D76C02 /* Release */ = {
			isa = XCBuildConfiguration;
			buildSettings = {
				ALWAYS_SEARCH_USER_PATHS = NO;
				CLANG_ANALYZER_NONNULL = YES;
				CLANG_ANALYZER_NUMBER_OBJECT_CONVERSION = YES_AGGRESSIVE;
				CLANG_CXX_LANGUAGE_STANDARD = "gnu++20";
				CLANG_ENABLE_MODULES = YES;
				CLANG_ENABLE_OBJC_ARC = YES;
				CLANG_ENABLE_OBJC_WEAK = YES;
				CLANG_WARN_BLOCK_CAPTURE_AUTORELEASING = YES;
				CLANG_WARN_BOOL_CONVERSION = YES;
				CLANG_WARN_COMMA = YES;
				CLANG_WARN_CONSTANT_CONVERSION = YES;
				CLANG_WARN_DEPRECATED_OBJC_IMPLEMENTATIONS = YES;
				CLANG_WARN_DIRECT_OBJC_ISA_USAGE = YES_ERROR;
				CLANG_WARN_DOCUMENTATION_COMMENTS = YES;
				CLANG_WARN_EMPTY_BODY = YES;
				CLANG_WARN_ENUM_CONVERSION = YES;
				CLANG_WARN_INFINITE_RECURSION = YES;
				CLANG_WARN_INT_CONVERSION = YES;
				CLANG_WARN_NON_LITERAL_NULL_CONVERSION = YES;
				CLANG_WARN_OBJC_IMPLICIT_RETAIN_SELF = YES;
				CLANG_WARN_OBJC_LITERAL_CONVERSION = YES;
				CLANG_WARN_OBJC_ROOT_CLASS = YES_ERROR;
				CLANG_WARN_QUOTED_INCLUDE_IN_FRAMEWORK_HEADER = YES;
				CLANG_WARN_RANGE_LOOP_ANALYSIS = YES;
				CLANG_WARN_STRICT_PROTOTYPES = YES;
				CLANG_WARN_SUSPICIOUS_MOVE = YES;
				CLANG_WARN_UNGUARDED_AVAILABILITY = YES_AGGRESSIVE;
				CLANG_WARN_UNREACHABLE_CODE = YES;
				CLANG_WARN__DUPLICATE_METHOD_MATCH = YES;
				COPY_PHASE_STRIP = NO;
				DEBUG_INFORMATION_FORMAT = "dwarf-with-dsym";
				ENABLE_NS_ASSERTIONS = NO;
				ENABLE_STRICT_OBJC_MSGSEND = YES;
				GCC_C_LANGUAGE_STANDARD = gnu11;
				GCC_NO_COMMON_BLOCKS = YES;
				GCC_WARN_64_TO_32_BIT_CONVERSION = YES;
				GCC_WARN_ABOUT_RETURN_TYPE = YES_ERROR;
				GCC_WARN_UNDECLARED_SELECTOR = YES;
				GCC_WARN_UNINITIALIZED_AUTOS = YES_AGGRESSIVE;
				GCC_WARN_UNUSED_FUNCTION = YES;
				GCC_WARN_UNUSED_VARIABLE = YES;
				IPHONEOS_DEPLOYMENT_TARGET = 16.2;
				MTL_ENABLE_DEBUG_INFO = NO;
				MTL_FAST_MATH = YES;
				SDKROOT = iphoneos;
				SWIFT_COMPILATION_MODE = wholemodule;
				SWIFT_OPTIMIZATION_LEVEL = "-O";
				VALIDATE_PRODUCT = YES;
			};
			name = Release;
		};
		445B49282A1E1E1D00D76C02 /* Debug */ = {
			isa = XCBuildConfiguration;
			buildSettings = {
				ASSETCATALOG_COMPILER_APPICON_NAME = AppIcon;
				ASSETCATALOG_COMPILER_GLOBAL_ACCENT_COLOR_NAME = AccentColor;
				CODE_SIGN_STYLE = Automatic;
				CURRENT_PROJECT_VERSION = 1;
				DEVELOPMENT_ASSET_PATHS = "\"BirthdayReminder/Preview Content\"";
				DEVELOPMENT_TEAM = XU4S6U6593;
				ENABLE_PREVIEWS = YES;
				GENERATE_INFOPLIST_FILE = YES;
				INFOPLIST_KEY_UIApplicationSceneManifest_Generation = YES;
				INFOPLIST_KEY_UIApplicationSupportsIndirectInputEvents = YES;
				INFOPLIST_KEY_UILaunchScreen_Generation = YES;
				INFOPLIST_KEY_UISupportedInterfaceOrientations_iPad = "UIInterfaceOrientationPortrait UIInterfaceOrientationPortraitUpsideDown UIInterfaceOrientationLandscapeLeft UIInterfaceOrientationLandscapeRight";
				INFOPLIST_KEY_UISupportedInterfaceOrientations_iPhone = "UIInterfaceOrientationPortrait UIInterfaceOrientationLandscapeLeft UIInterfaceOrientationLandscapeRight";
				LD_RUNPATH_SEARCH_PATHS = (
					"$(inherited)",
					"@executable_path/Frameworks",
				);
				MARKETING_VERSION = 1.0;
				PRODUCT_BUNDLE_IDENTIFIER = com.alekyan.ruslan.BirthdayReminder;
				PRODUCT_NAME = "$(TARGET_NAME)";
				SWIFT_EMIT_LOC_STRINGS = YES;
				SWIFT_VERSION = 5.0;
				TARGETED_DEVICE_FAMILY = "1,2";
			};
			name = Debug;
		};
		445B49292A1E1E1D00D76C02 /* Release */ = {
			isa = XCBuildConfiguration;
			buildSettings = {
				ASSETCATALOG_COMPILER_APPICON_NAME = AppIcon;
				ASSETCATALOG_COMPILER_GLOBAL_ACCENT_COLOR_NAME = AccentColor;
				CODE_SIGN_STYLE = Automatic;
				CURRENT_PROJECT_VERSION = 1;
				DEVELOPMENT_ASSET_PATHS = "\"BirthdayReminder/Preview Content\"";
				DEVELOPMENT_TEAM = XU4S6U6593;
				ENABLE_PREVIEWS = YES;
				GENERATE_INFOPLIST_FILE = YES;
				INFOPLIST_KEY_UIApplicationSceneManifest_Generation = YES;
				INFOPLIST_KEY_UIApplicationSupportsIndirectInputEvents = YES;
				INFOPLIST_KEY_UILaunchScreen_Generation = YES;
				INFOPLIST_KEY_UISupportedInterfaceOrientations_iPad = "UIInterfaceOrientationPortrait UIInterfaceOrientationPortraitUpsideDown UIInterfaceOrientationLandscapeLeft UIInterfaceOrientationLandscapeRight";
				INFOPLIST_KEY_UISupportedInterfaceOrientations_iPhone = "UIInterfaceOrientationPortrait UIInterfaceOrientationLandscapeLeft UIInterfaceOrientationLandscapeRight";
				LD_RUNPATH_SEARCH_PATHS = (
					"$(inherited)",
					"@executable_path/Frameworks",
				);
				MARKETING_VERSION = 1.0;
				PRODUCT_BUNDLE_IDENTIFIER = com.alekyan.ruslan.BirthdayReminder;
				PRODUCT_NAME = "$(TARGET_NAME)";
				SWIFT_EMIT_LOC_STRINGS = YES;
				SWIFT_VERSION = 5.0;
				TARGETED_DEVICE_FAMILY = "1,2";
			};
			name = Release;
		};
/* End XCBuildConfiguration section */

/* Begin XCConfigurationList section */
		445B49142A1E1E1800D76C02 /* Build configuration list for PBXProject "BirthdayReminder" */ = {
			isa = XCConfigurationList;
			buildConfigurations = (
				445B49252A1E1E1D00D76C02 /* Debug */,
				445B49262A1E1E1D00D76C02 /* Release */,
			);
			defaultConfigurationIsVisible = 0;
			defaultConfigurationName = Release;
		};
		445B49272A1E1E1D00D76C02 /* Build configuration list for PBXNativeTarget "BirthdayReminder" */ = {
			isa = XCConfigurationList;
			buildConfigurations = (
				445B49282A1E1E1D00D76C02 /* Debug */,
				445B49292A1E1E1D00D76C02 /* Release */,
			);
			defaultConfigurationIsVisible = 0;
			defaultConfigurationName = Release;
		};
/* End XCConfigurationList section */
	};
	rootObject = 445B49112A1E1E1800D76C02 /* Project object */;
}
